{
  "nodes": {
    "flake-compat": {
      "flake": false,
      "locked": {
        "lastModified": 1627913399,
        "narHash": "sha256-hY8g6H2KFL8ownSiFeMOjwPC8P0ueXpCVEbxgda3pko=",
        "owner": "edolstra",
        "repo": "flake-compat",
        "rev": "12c64ca55c1014cdc1b16ed5a804aa8576601ff2",
        "type": "github"
      },
      "original": {
        "owner": "edolstra",
        "repo": "flake-compat",
        "type": "github"
      }
    },
    "nixpkgs": {
      "locked": {
        "lastModified": 1631696613,
        "narHash": "sha256-6DomCcyMMRG+ShtDstRgCjC1m5J0JzjEMnUaiLnl9TY=",
        "owner": "nixos",
        "repo": "nixpkgs",
        "rev": "47eaf6727bd362dac94eab91b7fdc876642d578b",
        "type": "github"
      },
      "original": {
        "owner": "nixos",
        "ref": "master",
        "repo": "nixpkgs",
        "type": "github"
      }
    },
    "root": {
      "inputs": {
        "flake-compat": "flake-compat",
        "nixpkgs": "nixpkgs",
        "yz-flake-utils": "yz-flake-utils"
      }
    },
    "yz-flake-utils": {
      "locked": {
        "lastModified": 1623915702,
        "narHash": "sha256-BJA+aBQZJBeQ5t0TaoLSCL5ZG0AzH5lIgokGCb64nrk=",
        "owner": "YZITE",
        "repo": "flake-utils",
        "rev": "b26662a1f52046434d58daf133e814cf372fc9a4",
        "type": "github"
      },
      "original": {
        "owner": "YZITE",
        "repo": "flake-utils",
        "type": "github"
      }
    }
  },
  "root": "root",
  "version": 7
}
